
Microsoft Visual Studio Solution File, Format Version 12.00
# Visual Studio 14
VisualStudioVersion = 14.0.24720.0
MinimumVisualStudioVersion = 10.0.40219.1
Project("{E24C65DC-7377-472B-9ABA-BC803B73C61A}") = "www", "www\", "{6A5C233B-5371-4852-97B0-CA26B7EFE2E6}"
	ProjectSection(WebsiteProperties) = preProject
		TargetFrameworkMoniker = ".NETFramework,Version%3Dv4.0"
		Debug.AspNetCompiler.VirtualPath = "/localhost_8089"
		Debug.AspNetCompiler.PhysicalPath = "www\"
		Debug.AspNetCompiler.TargetPath = "PrecompiledWeb\localhost_8089\"
		Debug.AspNetCompiler.Updateable = "true"
		Debug.AspNetCompiler.ForceOverwrite = "true"
		Debug.AspNetCompiler.FixedNames = "false"
		Debug.AspNetCompiler.Debug = "True"
		Release.AspNetCompiler.VirtualPath = "/localhost_8089"
		Release.AspNetCompiler.PhysicalPath = "www\"
		Release.AspNetCompiler.TargetPath = "PrecompiledWeb\localhost_8089\"
		Release.AspNetCompiler.Updateable = "true"
		Release.AspNetCompiler.ForceOverwrite = "true"
		Release.AspNetCompiler.FixedNames = "false"
		Release.AspNetCompiler.Debug = "False"
		VWDPort = "8089"
		SlnRelativePath = "www\"
	EndProjectSection
EndProject
Project("{E24C65DC-7377-472B-9ABA-BC803B73C61A}") = "PayTheKingJs", ".", "{FF6C9B16-058C-432B-B868-6D390EFCED21}"
	ProjectSection(WebsiteProperties) = preProject
		TargetFrameworkMoniker = ".NETFramework,Version%3Dv4.0"
		Debug.AspNetCompiler.VirtualPath = "/localhost_6705"
		Debug.AspNetCompiler.PhysicalPath = "..\PayTheKingJs\"
		Debug.AspNetCompiler.TargetPath = "PrecompiledWeb\localhost_6705\"
		Debug.AspNetCompiler.Updateable = "true"
		Debug.AspNetCompiler.ForceOverwrite = "true"
		Debug.AspNetCompiler.FixedNames = "false"
		Debug.AspNetCompiler.Debug = "True"
		Release.AspNetCompiler.VirtualPath = "/localhost_6705"
		Release.AspNetCompiler.PhysicalPath = "..\PayTheKingJs\"
		Release.AspNetCompiler.TargetPath = "PrecompiledWeb\localhost_6705\"
		Release.AspNetCompiler.Updateable = "true"
		Release.AspNetCompiler.ForceOverwrite = "true"
		Release.AspNetCompiler.FixedNames = "false"
		Release.AspNetCompiler.Debug = "False"
		VWDPort = "6705"
		SlnRelativePath = "..\PayTheKingJs\"
	EndProjectSection
EndProject
Global
	GlobalSection(SolutionConfigurationPlatforms) = preSolution
		Debug|Any CPU = Debug|Any CPU
	EndGlobalSection
	GlobalSection(ProjectConfigurationPlatforms) = postSolution
		{6A5C233B-5371-4852-97B0-CA26B7EFE2E6}.Debug|Any CPU.ActiveCfg = Debug|Any CPU
		{6A5C233B-5371-4852-97B0-CA26B7EFE2E6}.Debug|Any CPU.Build.0 = Debug|Any CPU
		{FF6C9B16-058C-432B-B868-6D390EFCED21}.Debug|Any CPU.ActiveCfg = Debug|Any CPU
		{FF6C9B16-058C-432B-B868-6D390EFCED21}.Debug|Any CPU.Build.0 = Debug|Any CPU
	EndGlobalSection
	GlobalSection(SolutionProperties) = preSolution
		HideSolutionNode = FALSE
	EndGlobalSection
EndGlobal
